
Microsoft Visual Studio Solution File, Format Version 12.00
# Visual Studio Version 16
VisualStudioVersion = 16.0.31515.178
MinimumVisualStudioVersion = 10.0.40219.1
Project("{FAE04EC0-301F-11D3-BF4B-00C04F79EFBC}") = "fingers autoclicker", "fingers autoclicker\fingers autoclicker.csproj", "{56F906CC-DC6F-46BB-8701-34D181C5DB24}"
EndProject
Global
	GlobalSection(SolutionConfigurationPlatforms) = preSolution
		Debug|Any CPU = Debug|Any CPU
		Release|Any CPU = Release|Any CPU
	EndGlobalSection
	GlobalSection(ProjectConfigurationPlatforms) = postSolution
		{56F906CC-DC6F-46BB-8701-34D181C5DB24}.Debug|Any CPU.ActiveCfg = Debug|Any CPU
		{56F906CC-DC6F-46BB-8701-34D181C5DB24}.Debug|Any CPU.Build.0 = Debug|Any CPU
		{56F906CC-DC6F-46BB-8701-34D181C5DB24}.Release|Any CPU.ActiveCfg = Release|Any CPU
		{56F906CC-DC6F-46BB-8701-34D181C5DB24}.Release|Any CPU.Build.0 = Release|Any CPU
	EndGlobalSection
	GlobalSection(SolutionProperties) = preSolution
		HideSolutionNode = FALSE
	EndGlobalSection
	GlobalSection(ExtensibilityGlobals) = postSolution
		SolutionGuid = {74BF44A7-C473-4EE3-949C-8D5D159E8669}
	EndGlobalSection
EndGlobal
